
Microsoft Visual Studio Solution File, Format Version 12.00
# Visual Studio 15
VisualStudioVersion = 15.0.27703.2042
MinimumVisualStudioVersion = 10.0.40219.1
Project("{8BC9CEB8-8B4A-11D0-8D11-00A0C91BC942}") = "consoleApp8.02", "..\consoleApp8.02\consoleApp8.02\consoleApp8.02.vcxproj", "{BE125B73-DA1C-4A37-9B51-342AA01D3FD0}"
EndProject
Global
	GlobalSection(SolutionConfigurationPlatforms) = preSolution
		Debug|x64 = Debug|x64
		Debug|x86 = Debug|x86
		Release|x64 = Release|x64
		Release|x86 = Release|x86
	EndGlobalSection
	GlobalSection(ProjectConfigurationPlatforms) = postSolution
		{BE125B73-DA1C-4A37-9B51-342AA01D3FD0}.Debug|x64.ActiveCfg = Debug|x64
		{BE125B73-DA1C-4A37-9B51-342AA01D3FD0}.Debug|x64.Build.0 = Debug|x64
		{BE125B73-DA1C-4A37-9B51-342AA01D3FD0}.Debug|x86.ActiveCfg = Debug|Win32
		{BE125B73-DA1C-4A37-9B51-342AA01D3FD0}.Debug|x86.Build.0 = Debug|Win32
		{BE125B73-DA1C-4A37-9B51-342AA01D3FD0}.Release|x64.ActiveCfg = Release|x64
		{BE125B73-DA1C-4A37-9B51-342AA01D3FD0}.Release|x64.Build.0 = Release|x64
		{BE125B73-DA1C-4A37-9B51-342AA01D3FD0}.Release|x86.ActiveCfg = Release|Win32
		{BE125B73-DA1C-4A37-9B51-342AA01D3FD0}.Release|x86.Build.0 = Release|Win32
	EndGlobalSection
	GlobalSection(SolutionProperties) = preSolution
		HideSolutionNode = FALSE
	EndGlobalSection
	GlobalSection(ExtensibilityGlobals) = postSolution
		SolutionGuid = {7EEE6ADF-986D-46B0-A383-4607259C28F4}
	EndGlobalSection
EndGlobal
