
Microsoft Visual Studio Solution File, Format Version 12.00
# Visual Studio 15
VisualStudioVersion = 15.0.28010.2046
MinimumVisualStudioVersion = 10.0.40219.1
Project("{FAE04EC0-301F-11D3-BF4B-00C04F79EFBC}") = "XamlCustomClass", "XamlCustomClass\XamlCustomClass.csproj", "{A8F91E41-18B6-4DA7-9B09-379EA93A9638}"
EndProject
Project("{FAE04EC0-301F-11D3-BF4B-00C04F79EFBC}") = "DumpContentProperty", "DumpContentProperty\DumpContentProperty.csproj", "{D57085C8-3E44-4560-B790-67CEACAAF282}"
EndProject
Project("{FAE04EC0-301F-11D3-BF4B-00C04F79EFBC}") = "DockPanelTest", "DockPanelTest\DockPanelTest.csproj", "{0601785F-0000-4B71-833C-A21FF84BE36C}"
EndProject
Project("{FAE04EC0-301F-11D3-BF4B-00C04F79EFBC}") = "DockPanelTest2", "DockPanelTest2\DockPanelTest2.csproj", "{CECBFA16-BCD4-4C51-9E4A-CEA800D84E37}"
EndProject
Project("{FAE04EC0-301F-11D3-BF4B-00C04F79EFBC}") = "RoutedEventDemo", "RoutedEventDemo\RoutedEventDemo.csproj", "{4EE21F49-E364-4C41-B030-3D0F224AF187}"
EndProject
Global
	GlobalSection(SolutionConfigurationPlatforms) = preSolution
		Debug|Any CPU = Debug|Any CPU
		Release|Any CPU = Release|Any CPU
	EndGlobalSection
	GlobalSection(ProjectConfigurationPlatforms) = postSolution
		{A8F91E41-18B6-4DA7-9B09-379EA93A9638}.Debug|Any CPU.ActiveCfg = Debug|Any CPU
		{A8F91E41-18B6-4DA7-9B09-379EA93A9638}.Debug|Any CPU.Build.0 = Debug|Any CPU
		{A8F91E41-18B6-4DA7-9B09-379EA93A9638}.Release|Any CPU.ActiveCfg = Release|Any CPU
		{A8F91E41-18B6-4DA7-9B09-379EA93A9638}.Release|Any CPU.Build.0 = Release|Any CPU
		{D57085C8-3E44-4560-B790-67CEACAAF282}.Debug|Any CPU.ActiveCfg = Debug|Any CPU
		{D57085C8-3E44-4560-B790-67CEACAAF282}.Debug|Any CPU.Build.0 = Debug|Any CPU
		{D57085C8-3E44-4560-B790-67CEACAAF282}.Release|Any CPU.ActiveCfg = Release|Any CPU
		{D57085C8-3E44-4560-B790-67CEACAAF282}.Release|Any CPU.Build.0 = Release|Any CPU
		{0601785F-0000-4B71-833C-A21FF84BE36C}.Debug|Any CPU.ActiveCfg = Debug|Any CPU
		{0601785F-0000-4B71-833C-A21FF84BE36C}.Debug|Any CPU.Build.0 = Debug|Any CPU
		{0601785F-0000-4B71-833C-A21FF84BE36C}.Release|Any CPU.ActiveCfg = Release|Any CPU
		{0601785F-0000-4B71-833C-A21FF84BE36C}.Release|Any CPU.Build.0 = Release|Any CPU
		{CECBFA16-BCD4-4C51-9E4A-CEA800D84E37}.Debug|Any CPU.ActiveCfg = Debug|Any CPU
		{CECBFA16-BCD4-4C51-9E4A-CEA800D84E37}.Debug|Any CPU.Build.0 = Debug|Any CPU
		{CECBFA16-BCD4-4C51-9E4A-CEA800D84E37}.Release|Any CPU.ActiveCfg = Release|Any CPU
		{CECBFA16-BCD4-4C51-9E4A-CEA800D84E37}.Release|Any CPU.Build.0 = Release|Any CPU
		{4EE21F49-E364-4C41-B030-3D0F224AF187}.Debug|Any CPU.ActiveCfg = Debug|Any CPU
		{4EE21F49-E364-4C41-B030-3D0F224AF187}.Debug|Any CPU.Build.0 = Debug|Any CPU
		{4EE21F49-E364-4C41-B030-3D0F224AF187}.Release|Any CPU.ActiveCfg = Release|Any CPU
		{4EE21F49-E364-4C41-B030-3D0F224AF187}.Release|Any CPU.Build.0 = Release|Any CPU
	EndGlobalSection
	GlobalSection(SolutionProperties) = preSolution
		HideSolutionNode = FALSE
	EndGlobalSection
	GlobalSection(ExtensibilityGlobals) = postSolution
		SolutionGuid = {ECAD4036-6748-4051-B6A5-4B68290CCA13}
	EndGlobalSection
EndGlobal
