
Microsoft Visual Studio Solution File, Format Version 12.00
# Visual Studio 15
VisualStudioVersion = 15.0.28010.2046
MinimumVisualStudioVersion = 10.0.40219.1
Project("{FAE04EC0-301F-11D3-BF4B-00C04F79EFBC}") = "ConsoleApp3", "ConsoleApp3\ConsoleApp3.csproj", "{4B1B6D3C-3C1B-497E-9916-793AE4A8B537}"
EndProject
Project("{FAE04EC0-301F-11D3-BF4B-00C04F79EFBC}") = "ConsoleApp1", "ConsoleApp1\ConsoleApp1.csproj", "{3B1D9A6C-8865-455B-B1B9-77E63CF08146}"
EndProject
Project("{FAE04EC0-301F-11D3-BF4B-00C04F79EFBC}") = "ConsoleApp2", "ConsoleApp2\ConsoleApp2.csproj", "{EB0BA9E0-C437-47AC-8EF5-2800BF9CAE7A}"
EndProject
Project("{FAE04EC0-301F-11D3-BF4B-00C04F79EFBC}") = "test", "test\test.csproj", "{02DE4E6B-C526-49E5-A17D-672831F8C4D2}"
EndProject
Project("{FAE04EC0-301F-11D3-BF4B-00C04F79EFBC}") = "ConsoleApp4", "ConsoleApp4\ConsoleApp4.csproj", "{F849A3F5-8732-468E-91F2-2706F58260B7}"
EndProject
Project("{FAE04EC0-301F-11D3-BF4B-00C04F79EFBC}") = "ConsoleApp5", "ConsoleApp5\ConsoleApp5.csproj", "{99FDEA58-D1D4-48E5-8DDF-FE0E63891C8C}"
EndProject
Project("{FAE04EC0-301F-11D3-BF4B-00C04F79EFBC}") = "test2", "test2\test2.csproj", "{C0D28A42-9B93-4F49-8508-4F6E6D20C14D}"
EndProject
Project("{FAE04EC0-301F-11D3-BF4B-00C04F79EFBC}") = "ConsoleApp6", "ConsoleApp6\ConsoleApp6.csproj", "{06ED5EEF-4A4E-41A5-A1D3-C63F35F28496}"
EndProject
Project("{FAE04EC0-301F-11D3-BF4B-00C04F79EFBC}") = "test3", "test3\test3.csproj", "{4CC013AC-0EC4-4B52-8B26-C1993F1AF260}"
EndProject
Project("{FAE04EC0-301F-11D3-BF4B-00C04F79EFBC}") = "ConsoleApp7", "ConsoleApp7\ConsoleApp7.csproj", "{DE5B08B9-211C-45F9-8C4B-FC5B3EAFAAC4}"
EndProject
Project("{FAE04EC0-301F-11D3-BF4B-00C04F79EFBC}") = "ConsoleApp8", "ConsoleApp8\ConsoleApp8.csproj", "{63A65D0C-3E0F-4C12-B773-BDB315F4A2B5}"
EndProject
Project("{FAE04EC0-301F-11D3-BF4B-00C04F79EFBC}") = "test4", "test4\test4.csproj", "{79DD72BD-47DB-48A4-B3FC-24CCB2D3133D}"
EndProject
Global
	GlobalSection(SolutionConfigurationPlatforms) = preSolution
		Debug|Any CPU = Debug|Any CPU
		Release|Any CPU = Release|Any CPU
	EndGlobalSection
	GlobalSection(ProjectConfigurationPlatforms) = postSolution
		{4B1B6D3C-3C1B-497E-9916-793AE4A8B537}.Debug|Any CPU.ActiveCfg = Debug|Any CPU
		{4B1B6D3C-3C1B-497E-9916-793AE4A8B537}.Debug|Any CPU.Build.0 = Debug|Any CPU
		{4B1B6D3C-3C1B-497E-9916-793AE4A8B537}.Release|Any CPU.ActiveCfg = Release|Any CPU
		{4B1B6D3C-3C1B-497E-9916-793AE4A8B537}.Release|Any CPU.Build.0 = Release|Any CPU
		{3B1D9A6C-8865-455B-B1B9-77E63CF08146}.Debug|Any CPU.ActiveCfg = Debug|Any CPU
		{3B1D9A6C-8865-455B-B1B9-77E63CF08146}.Debug|Any CPU.Build.0 = Debug|Any CPU
		{3B1D9A6C-8865-455B-B1B9-77E63CF08146}.Release|Any CPU.ActiveCfg = Release|Any CPU
		{3B1D9A6C-8865-455B-B1B9-77E63CF08146}.Release|Any CPU.Build.0 = Release|Any CPU
		{EB0BA9E0-C437-47AC-8EF5-2800BF9CAE7A}.Debug|Any CPU.ActiveCfg = Debug|Any CPU
		{EB0BA9E0-C437-47AC-8EF5-2800BF9CAE7A}.Debug|Any CPU.Build.0 = Debug|Any CPU
		{EB0BA9E0-C437-47AC-8EF5-2800BF9CAE7A}.Release|Any CPU.ActiveCfg = Release|Any CPU
		{EB0BA9E0-C437-47AC-8EF5-2800BF9CAE7A}.Release|Any CPU.Build.0 = Release|Any CPU
		{02DE4E6B-C526-49E5-A17D-672831F8C4D2}.Debug|Any CPU.ActiveCfg = Debug|Any CPU
		{02DE4E6B-C526-49E5-A17D-672831F8C4D2}.Debug|Any CPU.Build.0 = Debug|Any CPU
		{02DE4E6B-C526-49E5-A17D-672831F8C4D2}.Release|Any CPU.ActiveCfg = Release|Any CPU
		{02DE4E6B-C526-49E5-A17D-672831F8C4D2}.Release|Any CPU.Build.0 = Release|Any CPU
		{F849A3F5-8732-468E-91F2-2706F58260B7}.Debug|Any CPU.ActiveCfg = Debug|Any CPU
		{F849A3F5-8732-468E-91F2-2706F58260B7}.Debug|Any CPU.Build.0 = Debug|Any CPU
		{F849A3F5-8732-468E-91F2-2706F58260B7}.Release|Any CPU.ActiveCfg = Release|Any CPU
		{F849A3F5-8732-468E-91F2-2706F58260B7}.Release|Any CPU.Build.0 = Release|Any CPU
		{99FDEA58-D1D4-48E5-8DDF-FE0E63891C8C}.Debug|Any CPU.ActiveCfg = Debug|Any CPU
		{99FDEA58-D1D4-48E5-8DDF-FE0E63891C8C}.Debug|Any CPU.Build.0 = Debug|Any CPU
		{99FDEA58-D1D4-48E5-8DDF-FE0E63891C8C}.Release|Any CPU.ActiveCfg = Release|Any CPU
		{99FDEA58-D1D4-48E5-8DDF-FE0E63891C8C}.Release|Any CPU.Build.0 = Release|Any CPU
		{C0D28A42-9B93-4F49-8508-4F6E6D20C14D}.Debug|Any CPU.ActiveCfg = Debug|Any CPU
		{C0D28A42-9B93-4F49-8508-4F6E6D20C14D}.Debug|Any CPU.Build.0 = Debug|Any CPU
		{C0D28A42-9B93-4F49-8508-4F6E6D20C14D}.Release|Any CPU.ActiveCfg = Release|Any CPU
		{C0D28A42-9B93-4F49-8508-4F6E6D20C14D}.Release|Any CPU.Build.0 = Release|Any CPU
		{06ED5EEF-4A4E-41A5-A1D3-C63F35F28496}.Debug|Any CPU.ActiveCfg = Debug|Any CPU
		{06ED5EEF-4A4E-41A5-A1D3-C63F35F28496}.Debug|Any CPU.Build.0 = Debug|Any CPU
		{06ED5EEF-4A4E-41A5-A1D3-C63F35F28496}.Release|Any CPU.ActiveCfg = Release|Any CPU
		{06ED5EEF-4A4E-41A5-A1D3-C63F35F28496}.Release|Any CPU.Build.0 = Release|Any CPU
		{4CC013AC-0EC4-4B52-8B26-C1993F1AF260}.Debug|Any CPU.ActiveCfg = Debug|Any CPU
		{4CC013AC-0EC4-4B52-8B26-C1993F1AF260}.Debug|Any CPU.Build.0 = Debug|Any CPU
		{4CC013AC-0EC4-4B52-8B26-C1993F1AF260}.Release|Any CPU.ActiveCfg = Release|Any CPU
		{4CC013AC-0EC4-4B52-8B26-C1993F1AF260}.Release|Any CPU.Build.0 = Release|Any CPU
		{DE5B08B9-211C-45F9-8C4B-FC5B3EAFAAC4}.Debug|Any CPU.ActiveCfg = Debug|Any CPU
		{DE5B08B9-211C-45F9-8C4B-FC5B3EAFAAC4}.Debug|Any CPU.Build.0 = Debug|Any CPU
		{DE5B08B9-211C-45F9-8C4B-FC5B3EAFAAC4}.Release|Any CPU.ActiveCfg = Release|Any CPU
		{DE5B08B9-211C-45F9-8C4B-FC5B3EAFAAC4}.Release|Any CPU.Build.0 = Release|Any CPU
		{63A65D0C-3E0F-4C12-B773-BDB315F4A2B5}.Debug|Any CPU.ActiveCfg = Debug|Any CPU
		{63A65D0C-3E0F-4C12-B773-BDB315F4A2B5}.Debug|Any CPU.Build.0 = Debug|Any CPU
		{63A65D0C-3E0F-4C12-B773-BDB315F4A2B5}.Release|Any CPU.ActiveCfg = Release|Any CPU
		{63A65D0C-3E0F-4C12-B773-BDB315F4A2B5}.Release|Any CPU.Build.0 = Release|Any CPU
		{79DD72BD-47DB-48A4-B3FC-24CCB2D3133D}.Debug|Any CPU.ActiveCfg = Debug|Any CPU
		{79DD72BD-47DB-48A4-B3FC-24CCB2D3133D}.Debug|Any CPU.Build.0 = Debug|Any CPU
		{79DD72BD-47DB-48A4-B3FC-24CCB2D3133D}.Release|Any CPU.ActiveCfg = Release|Any CPU
		{79DD72BD-47DB-48A4-B3FC-24CCB2D3133D}.Release|Any CPU.Build.0 = Release|Any CPU
	EndGlobalSection
	GlobalSection(SolutionProperties) = preSolution
		HideSolutionNode = FALSE
	EndGlobalSection
	GlobalSection(ExtensibilityGlobals) = postSolution
		SolutionGuid = {5A82713F-8CB5-4379-9C1F-5525890BDEED}
	EndGlobalSection
EndGlobal
