
Microsoft Visual Studio Solution File, Format Version 12.00
# Visual Studio 15
VisualStudioVersion = 15.0.28010.2046
MinimumVisualStudioVersion = 10.0.40219.1
Project("{FAE04EC0-301F-11D3-BF4B-00C04F79EFBC}") = "ConsoleApp8", "ConsoleApp8\ConsoleApp8.csproj", "{88EE9A5C-F1F5-43BE-9895-22FC7A32832C}"
EndProject
Project("{FAE04EC0-301F-11D3-BF4B-00C04F79EFBC}") = "ConsoleApp1", "ConsoleApp1\ConsoleApp1.csproj", "{DEEAFF57-F3C8-4CCD-806F-4902A9503069}"
EndProject
Project("{FAE04EC0-301F-11D3-BF4B-00C04F79EFBC}") = "ConsoleApp9", "..\ConsoleApp9\ConsoleApp9.csproj", "{4C57AAD1-A4D1-4C75-B1AA-E39104D8CF2D}"
EndProject
Global
	GlobalSection(SolutionConfigurationPlatforms) = preSolution
		Debug|Any CPU = Debug|Any CPU
		Release|Any CPU = Release|Any CPU
	EndGlobalSection
	GlobalSection(ProjectConfigurationPlatforms) = postSolution
		{88EE9A5C-F1F5-43BE-9895-22FC7A32832C}.Debug|Any CPU.ActiveCfg = Debug|Any CPU
		{88EE9A5C-F1F5-43BE-9895-22FC7A32832C}.Debug|Any CPU.Build.0 = Debug|Any CPU
		{88EE9A5C-F1F5-43BE-9895-22FC7A32832C}.Release|Any CPU.ActiveCfg = Release|Any CPU
		{88EE9A5C-F1F5-43BE-9895-22FC7A32832C}.Release|Any CPU.Build.0 = Release|Any CPU
		{DEEAFF57-F3C8-4CCD-806F-4902A9503069}.Debug|Any CPU.ActiveCfg = Debug|Any CPU
		{DEEAFF57-F3C8-4CCD-806F-4902A9503069}.Debug|Any CPU.Build.0 = Debug|Any CPU
		{DEEAFF57-F3C8-4CCD-806F-4902A9503069}.Release|Any CPU.ActiveCfg = Release|Any CPU
		{DEEAFF57-F3C8-4CCD-806F-4902A9503069}.Release|Any CPU.Build.0 = Release|Any CPU
		{4C57AAD1-A4D1-4C75-B1AA-E39104D8CF2D}.Debug|Any CPU.ActiveCfg = Debug|Any CPU
		{4C57AAD1-A4D1-4C75-B1AA-E39104D8CF2D}.Debug|Any CPU.Build.0 = Debug|Any CPU
		{4C57AAD1-A4D1-4C75-B1AA-E39104D8CF2D}.Release|Any CPU.ActiveCfg = Release|Any CPU
		{4C57AAD1-A4D1-4C75-B1AA-E39104D8CF2D}.Release|Any CPU.Build.0 = Release|Any CPU
	EndGlobalSection
	GlobalSection(SolutionProperties) = preSolution
		HideSolutionNode = FALSE
	EndGlobalSection
	GlobalSection(ExtensibilityGlobals) = postSolution
		SolutionGuid = {E375B4F9-2987-473E-92B3-35C6327E8F8D}
	EndGlobalSection
EndGlobal
