
Microsoft Visual Studio Solution File, Format Version 12.00
# Visual Studio 15
VisualStudioVersion = 15.0.28010.2046
MinimumVisualStudioVersion = 10.0.40219.1
Project("{FAE04EC0-301F-11D3-BF4B-00C04F79EFBC}") = "ConsoleApp7", "ConsoleApp7\ConsoleApp7.csproj", "{48FF0E00-98AA-4986-A061-31E0C314A741}"
EndProject
Project("{FAE04EC0-301F-11D3-BF4B-00C04F79EFBC}") = "ConsoleApp1", "ConsoleApp1\ConsoleApp1.csproj", "{89455CE5-ECE1-4F6C-BE25-69824CCAB450}"
EndProject
Project("{FAE04EC0-301F-11D3-BF4B-00C04F79EFBC}") = "ConsoleApp2", "ConsoleApp2\ConsoleApp2.csproj", "{D7AEA7CD-5E8C-4794-AD51-D3037519FC81}"
EndProject
Project("{FAE04EC0-301F-11D3-BF4B-00C04F79EFBC}") = "ConsoleApp3", "ConsoleApp3\ConsoleApp3.csproj", "{275D4E48-BA2D-4BC4-8B36-0AEB89A5BA05}"
EndProject
Project("{FAE04EC0-301F-11D3-BF4B-00C04F79EFBC}") = "ConsoleApp4", "ConsoleApp4\ConsoleApp4.csproj", "{C4851594-DADC-4CAA-9F67-10B1F5B6AAB3}"
EndProject
Project("{FAE04EC0-301F-11D3-BF4B-00C04F79EFBC}") = "ConsoleApp5", "ConsoleApp5\ConsoleApp5.csproj", "{04916F3D-9C0F-4421-9861-1F7565ED5877}"
EndProject
Project("{FAE04EC0-301F-11D3-BF4B-00C04F79EFBC}") = "ConsoleApp6", "ConsoleApp6\ConsoleApp6.csproj", "{B5AE0DD1-1846-440F-B177-57910EF4477F}"
EndProject
Project("{FAE04EC0-301F-11D3-BF4B-00C04F79EFBC}") = "ConsoleApp8", "ConsoleApp8\ConsoleApp8.csproj", "{2FBD73D1-63AA-4A39-977F-2AB89782A8E5}"
EndProject
Project("{FAE04EC0-301F-11D3-BF4B-00C04F79EFBC}") = "WindowsFormsApp1", "WindowsFormsApp1\WindowsFormsApp1.csproj", "{37A44891-8B21-4178-B23B-471BB9BE374C}"
EndProject
Global
	GlobalSection(SolutionConfigurationPlatforms) = preSolution
		Debug|Any CPU = Debug|Any CPU
		Release|Any CPU = Release|Any CPU
	EndGlobalSection
	GlobalSection(ProjectConfigurationPlatforms) = postSolution
		{48FF0E00-98AA-4986-A061-31E0C314A741}.Debug|Any CPU.ActiveCfg = Debug|Any CPU
		{48FF0E00-98AA-4986-A061-31E0C314A741}.Debug|Any CPU.Build.0 = Debug|Any CPU
		{48FF0E00-98AA-4986-A061-31E0C314A741}.Release|Any CPU.ActiveCfg = Release|Any CPU
		{48FF0E00-98AA-4986-A061-31E0C314A741}.Release|Any CPU.Build.0 = Release|Any CPU
		{89455CE5-ECE1-4F6C-BE25-69824CCAB450}.Debug|Any CPU.ActiveCfg = Debug|Any CPU
		{89455CE5-ECE1-4F6C-BE25-69824CCAB450}.Debug|Any CPU.Build.0 = Debug|Any CPU
		{89455CE5-ECE1-4F6C-BE25-69824CCAB450}.Release|Any CPU.ActiveCfg = Release|Any CPU
		{89455CE5-ECE1-4F6C-BE25-69824CCAB450}.Release|Any CPU.Build.0 = Release|Any CPU
		{D7AEA7CD-5E8C-4794-AD51-D3037519FC81}.Debug|Any CPU.ActiveCfg = Debug|Any CPU
		{D7AEA7CD-5E8C-4794-AD51-D3037519FC81}.Debug|Any CPU.Build.0 = Debug|Any CPU
		{D7AEA7CD-5E8C-4794-AD51-D3037519FC81}.Release|Any CPU.ActiveCfg = Release|Any CPU
		{D7AEA7CD-5E8C-4794-AD51-D3037519FC81}.Release|Any CPU.Build.0 = Release|Any CPU
		{275D4E48-BA2D-4BC4-8B36-0AEB89A5BA05}.Debug|Any CPU.ActiveCfg = Debug|Any CPU
		{275D4E48-BA2D-4BC4-8B36-0AEB89A5BA05}.Debug|Any CPU.Build.0 = Debug|Any CPU
		{275D4E48-BA2D-4BC4-8B36-0AEB89A5BA05}.Release|Any CPU.ActiveCfg = Release|Any CPU
		{275D4E48-BA2D-4BC4-8B36-0AEB89A5BA05}.Release|Any CPU.Build.0 = Release|Any CPU
		{C4851594-DADC-4CAA-9F67-10B1F5B6AAB3}.Debug|Any CPU.ActiveCfg = Debug|Any CPU
		{C4851594-DADC-4CAA-9F67-10B1F5B6AAB3}.Debug|Any CPU.Build.0 = Debug|Any CPU
		{C4851594-DADC-4CAA-9F67-10B1F5B6AAB3}.Release|Any CPU.ActiveCfg = Release|Any CPU
		{C4851594-DADC-4CAA-9F67-10B1F5B6AAB3}.Release|Any CPU.Build.0 = Release|Any CPU
		{04916F3D-9C0F-4421-9861-1F7565ED5877}.Debug|Any CPU.ActiveCfg = Debug|Any CPU
		{04916F3D-9C0F-4421-9861-1F7565ED5877}.Debug|Any CPU.Build.0 = Debug|Any CPU
		{04916F3D-9C0F-4421-9861-1F7565ED5877}.Release|Any CPU.ActiveCfg = Release|Any CPU
		{04916F3D-9C0F-4421-9861-1F7565ED5877}.Release|Any CPU.Build.0 = Release|Any CPU
		{B5AE0DD1-1846-440F-B177-57910EF4477F}.Debug|Any CPU.ActiveCfg = Debug|Any CPU
		{B5AE0DD1-1846-440F-B177-57910EF4477F}.Debug|Any CPU.Build.0 = Debug|Any CPU
		{B5AE0DD1-1846-440F-B177-57910EF4477F}.Release|Any CPU.ActiveCfg = Release|Any CPU
		{B5AE0DD1-1846-440F-B177-57910EF4477F}.Release|Any CPU.Build.0 = Release|Any CPU
		{2FBD73D1-63AA-4A39-977F-2AB89782A8E5}.Debug|Any CPU.ActiveCfg = Debug|Any CPU
		{2FBD73D1-63AA-4A39-977F-2AB89782A8E5}.Debug|Any CPU.Build.0 = Debug|Any CPU
		{2FBD73D1-63AA-4A39-977F-2AB89782A8E5}.Release|Any CPU.ActiveCfg = Release|Any CPU
		{2FBD73D1-63AA-4A39-977F-2AB89782A8E5}.Release|Any CPU.Build.0 = Release|Any CPU
		{37A44891-8B21-4178-B23B-471BB9BE374C}.Debug|Any CPU.ActiveCfg = Debug|Any CPU
		{37A44891-8B21-4178-B23B-471BB9BE374C}.Debug|Any CPU.Build.0 = Debug|Any CPU
		{37A44891-8B21-4178-B23B-471BB9BE374C}.Release|Any CPU.ActiveCfg = Release|Any CPU
		{37A44891-8B21-4178-B23B-471BB9BE374C}.Release|Any CPU.Build.0 = Release|Any CPU
	EndGlobalSection
	GlobalSection(SolutionProperties) = preSolution
		HideSolutionNode = FALSE
	EndGlobalSection
	GlobalSection(ExtensibilityGlobals) = postSolution
		SolutionGuid = {691FD3DE-9B54-4F72-BC96-4252AE87CCDF}
	EndGlobalSection
EndGlobal
