
Microsoft Visual Studio Solution File, Format Version 12.00
# Visual Studio 15
VisualStudioVersion = 15.0.28010.2046
MinimumVisualStudioVersion = 10.0.40219.1
Project("{FAE04EC0-301F-11D3-BF4B-00C04F79EFBC}") = "HelloWorld_2", "HelloWorld_2\HelloWorld_2.csproj", "{75FDAB78-D5F0-496D-A5B1-4D5A8CEA779D}"
EndProject
Project("{FAE04EC0-301F-11D3-BF4B-00C04F79EFBC}") = "WpfApp1", "WpfApp1\WpfApp1.csproj", "{BE6A631E-5773-4F4F-AE19-A90BC517A00E}"
EndProject
Project("{FAE04EC0-301F-11D3-BF4B-00C04F79EFBC}") = "BackgroundWorkerTest", "BackgroundWorkerTest\BackgroundWorkerTest.csproj", "{97DDE4E1-BEFA-4A46-91B2-E422B270C61F}"
EndProject
Project("{FAE04EC0-301F-11D3-BF4B-00C04F79EFBC}") = "LoadXaml", "LoadXaml\LoadXaml.csproj", "{AAF32CDB-3BD0-4235-9C7F-F8A7922AA6E5}"
EndProject
Project("{FAE04EC0-301F-11D3-BF4B-00C04F79EFBC}") = "LoadXamlWindow", "LoadXamlWindow\LoadXamlWindow.csproj", "{9B0C23EB-B640-48FC-B842-C027614035B2}"
EndProject
Project("{FAE04EC0-301F-11D3-BF4B-00C04F79EFBC}") = "ComplieXamlWindow", "ComplieXamlWindow\ComplieXamlWindow.csproj", "{9CA9C192-7B75-4648-B064-2EDB5B7D310B}"
EndProject
Project("{FAE04EC0-301F-11D3-BF4B-00C04F79EFBC}") = "SelectColorFromGrid", "SelectColorFromGrid\SelectColorFromGrid.csproj", "{16B6BCC2-595E-4DB0-9207-75DB6AA769C1}"
EndProject
Global
	GlobalSection(SolutionConfigurationPlatforms) = preSolution
		Debug|Any CPU = Debug|Any CPU
		Release|Any CPU = Release|Any CPU
	EndGlobalSection
	GlobalSection(ProjectConfigurationPlatforms) = postSolution
		{75FDAB78-D5F0-496D-A5B1-4D5A8CEA779D}.Debug|Any CPU.ActiveCfg = Debug|Any CPU
		{75FDAB78-D5F0-496D-A5B1-4D5A8CEA779D}.Debug|Any CPU.Build.0 = Debug|Any CPU
		{75FDAB78-D5F0-496D-A5B1-4D5A8CEA779D}.Release|Any CPU.ActiveCfg = Release|Any CPU
		{75FDAB78-D5F0-496D-A5B1-4D5A8CEA779D}.Release|Any CPU.Build.0 = Release|Any CPU
		{BE6A631E-5773-4F4F-AE19-A90BC517A00E}.Debug|Any CPU.ActiveCfg = Debug|Any CPU
		{BE6A631E-5773-4F4F-AE19-A90BC517A00E}.Debug|Any CPU.Build.0 = Debug|Any CPU
		{BE6A631E-5773-4F4F-AE19-A90BC517A00E}.Release|Any CPU.ActiveCfg = Release|Any CPU
		{BE6A631E-5773-4F4F-AE19-A90BC517A00E}.Release|Any CPU.Build.0 = Release|Any CPU
		{97DDE4E1-BEFA-4A46-91B2-E422B270C61F}.Debug|Any CPU.ActiveCfg = Debug|Any CPU
		{97DDE4E1-BEFA-4A46-91B2-E422B270C61F}.Debug|Any CPU.Build.0 = Debug|Any CPU
		{97DDE4E1-BEFA-4A46-91B2-E422B270C61F}.Release|Any CPU.ActiveCfg = Release|Any CPU
		{97DDE4E1-BEFA-4A46-91B2-E422B270C61F}.Release|Any CPU.Build.0 = Release|Any CPU
		{AAF32CDB-3BD0-4235-9C7F-F8A7922AA6E5}.Debug|Any CPU.ActiveCfg = Debug|Any CPU
		{AAF32CDB-3BD0-4235-9C7F-F8A7922AA6E5}.Debug|Any CPU.Build.0 = Debug|Any CPU
		{AAF32CDB-3BD0-4235-9C7F-F8A7922AA6E5}.Release|Any CPU.ActiveCfg = Release|Any CPU
		{AAF32CDB-3BD0-4235-9C7F-F8A7922AA6E5}.Release|Any CPU.Build.0 = Release|Any CPU
		{9B0C23EB-B640-48FC-B842-C027614035B2}.Debug|Any CPU.ActiveCfg = Debug|Any CPU
		{9B0C23EB-B640-48FC-B842-C027614035B2}.Debug|Any CPU.Build.0 = Debug|Any CPU
		{9B0C23EB-B640-48FC-B842-C027614035B2}.Release|Any CPU.ActiveCfg = Release|Any CPU
		{9B0C23EB-B640-48FC-B842-C027614035B2}.Release|Any CPU.Build.0 = Release|Any CPU
		{9CA9C192-7B75-4648-B064-2EDB5B7D310B}.Debug|Any CPU.ActiveCfg = Debug|Any CPU
		{9CA9C192-7B75-4648-B064-2EDB5B7D310B}.Debug|Any CPU.Build.0 = Debug|Any CPU
		{9CA9C192-7B75-4648-B064-2EDB5B7D310B}.Release|Any CPU.ActiveCfg = Release|Any CPU
		{9CA9C192-7B75-4648-B064-2EDB5B7D310B}.Release|Any CPU.Build.0 = Release|Any CPU
		{16B6BCC2-595E-4DB0-9207-75DB6AA769C1}.Debug|Any CPU.ActiveCfg = Debug|Any CPU
		{16B6BCC2-595E-4DB0-9207-75DB6AA769C1}.Debug|Any CPU.Build.0 = Debug|Any CPU
		{16B6BCC2-595E-4DB0-9207-75DB6AA769C1}.Release|Any CPU.ActiveCfg = Release|Any CPU
		{16B6BCC2-595E-4DB0-9207-75DB6AA769C1}.Release|Any CPU.Build.0 = Release|Any CPU
	EndGlobalSection
	GlobalSection(SolutionProperties) = preSolution
		HideSolutionNode = FALSE
	EndGlobalSection
	GlobalSection(ExtensibilityGlobals) = postSolution
		SolutionGuid = {B9F5FAAA-0BDA-4C47-9320-45F2FA35649A}
	EndGlobalSection
EndGlobal
