
Microsoft Visual Studio Solution File, Format Version 12.00
# Visual Studio 15
VisualStudioVersion = 15.0.28010.2046
MinimumVisualStudioVersion = 10.0.40219.1
Project("{FAE04EC0-301F-11D3-BF4B-00C04F79EFBC}") = "WpfApp1", "WpfApp1\WpfApp1.csproj", "{02D19977-12AD-47CF-9EB4-137C5806BD7B}"
EndProject
Project("{FAE04EC0-301F-11D3-BF4B-00C04F79EFBC}") = "WpfApp2", "WpfApp2\WpfApp2.csproj", "{C734E393-C717-4147-BFAA-65B8C8241FDA}"
EndProject
Project("{FAE04EC0-301F-11D3-BF4B-00C04F79EFBC}") = "WpfApp3", "WpfApp3\WpfApp3.csproj", "{B21D1024-3E0F-49B5-AB80-6589E14F5198}"
EndProject
Project("{FAE04EC0-301F-11D3-BF4B-00C04F79EFBC}") = "WpfApp4", "WpfApp4\WpfApp4.csproj", "{55777455-95E9-45A2-9313-B17B752AC71A}"
EndProject
Project("{FAE04EC0-301F-11D3-BF4B-00C04F79EFBC}") = "WpfApp5", "WpfApp5\WpfApp5.csproj", "{4235B657-6C2B-415A-B5DB-7AF2474163E3}"
EndProject
Project("{FAE04EC0-301F-11D3-BF4B-00C04F79EFBC}") = "WpfApp6", "WpfApp6\WpfApp6.csproj", "{4E8964E4-D75A-45A1-8BE0-7543A599EA09}"
EndProject
Project("{FAE04EC0-301F-11D3-BF4B-00C04F79EFBC}") = "WpfApp7", "WpfApp7\WpfApp7.csproj", "{2CC01EF5-32B7-4C03-B461-1106CCF7EFC6}"
EndProject
Project("{FAE04EC0-301F-11D3-BF4B-00C04F79EFBC}") = "WpfApp8", "WpfApp8\WpfApp8.csproj", "{AB9EFAD0-5AE9-45A4-840C-90E817B9F517}"
EndProject
Project("{FAE04EC0-301F-11D3-BF4B-00C04F79EFBC}") = "WpfApp9", "WpfApp9\WpfApp9.csproj", "{2A553C87-7281-47A3-B47E-332C53C0F679}"
EndProject
Project("{FAE04EC0-301F-11D3-BF4B-00C04F79EFBC}") = "WpfApp10", "WpfApp10\WpfApp10.csproj", "{89C6732E-FB30-443D-B937-2B4FB9BB1891}"
EndProject
Project("{FAE04EC0-301F-11D3-BF4B-00C04F79EFBC}") = "WpfApp11", "WpfApp11\WpfApp11.csproj", "{24CBF581-3503-4AF8-B14E-4CFDC3368BE3}"
EndProject
Project("{FAE04EC0-301F-11D3-BF4B-00C04F79EFBC}") = "WpfApp12", "WpfApp12\WpfApp12.csproj", "{2267436D-1A8F-4D35-A939-6E8ED4223CB1}"
EndProject
Project("{FAE04EC0-301F-11D3-BF4B-00C04F79EFBC}") = "WpfApp13", "WpfApp13\WpfApp13.csproj", "{A8EF6B67-1D01-46C8-BE48-CE42CFE0256E}"
EndProject
Project("{FAE04EC0-301F-11D3-BF4B-00C04F79EFBC}") = "WpfApp14", "WpfApp14\WpfApp14.csproj", "{857DB936-22BC-4096-8E5D-13803CD7D7A7}"
EndProject
Project("{FAE04EC0-301F-11D3-BF4B-00C04F79EFBC}") = "WpfApp15", "WpfApp15\WpfApp15.csproj", "{0BEA9C8F-7C8E-4DFE-8B0A-06DAB34A8C7B}"
EndProject
Project("{FAE04EC0-301F-11D3-BF4B-00C04F79EFBC}") = "WpfApp16", "WpfApp16\WpfApp16.csproj", "{A3183DCF-D35B-4EBF-9F3C-B4E9D206D49F}"
EndProject
Project("{FAE04EC0-301F-11D3-BF4B-00C04F79EFBC}") = "WpfApp17", "WpfApp17\WpfApp17.csproj", "{97A351E1-EDD2-4260-967B-F07C7F198B73}"
EndProject
Project("{FAE04EC0-301F-11D3-BF4B-00C04F79EFBC}") = "WpfApp18", "WpfApp18\WpfApp18.csproj", "{2C827699-91B2-419F-9522-FEA0F7E48C13}"
EndProject
Project("{FAE04EC0-301F-11D3-BF4B-00C04F79EFBC}") = "WpfApp19", "WpfApp19\WpfApp19.csproj", "{544150D0-C5C3-4821-B2BD-F1C2DA2EE949}"
EndProject
Project("{FAE04EC0-301F-11D3-BF4B-00C04F79EFBC}") = "WpfApp20", "WpfApp20\WpfApp20.csproj", "{F0D78F22-0DB4-4467-8D07-35494F8EB0A8}"
EndProject
Project("{FAE04EC0-301F-11D3-BF4B-00C04F79EFBC}") = "WpfApp21", "WpfApp21\WpfApp21.csproj", "{235ACC2E-BC25-4058-951A-29FBF8EFDE02}"
EndProject
Project("{FAE04EC0-301F-11D3-BF4B-00C04F79EFBC}") = "WpfApp22", "WpfApp22\WpfApp22.csproj", "{F70C8CD7-6858-4724-9420-6246098E5D79}"
EndProject
Project("{FAE04EC0-301F-11D3-BF4B-00C04F79EFBC}") = "WpfApp23", "WpfApp23\WpfApp23.csproj", "{272EC8F2-DB43-4E04-9071-692AC3F44C56}"
EndProject
Project("{FAE04EC0-301F-11D3-BF4B-00C04F79EFBC}") = "WpfApp24", "WpfApp24\WpfApp24.csproj", "{993099C2-8E2E-4D1A-9D36-B2269D2B9D74}"
EndProject
Project("{FAE04EC0-301F-11D3-BF4B-00C04F79EFBC}") = "WpfApp25", "WpfApp25\WpfApp25.csproj", "{9E2AA473-86FC-4FDB-9973-A2E5EA61BC2C}"
EndProject
Project("{FAE04EC0-301F-11D3-BF4B-00C04F79EFBC}") = "WpfApp26", "WpfApp26\WpfApp26.csproj", "{170454B4-4F8D-4B82-AD92-C918D6DE711F}"
EndProject
Project("{FAE04EC0-301F-11D3-BF4B-00C04F79EFBC}") = "WpfApp27", "WpfApp27\WpfApp27.csproj", "{E1B0F2F0-8791-4AF5-977E-AE11246DE304}"
EndProject
Project("{FAE04EC0-301F-11D3-BF4B-00C04F79EFBC}") = "MvvmExam", "Ex1\MvvmExam.csproj", "{0CD3900D-2996-4482-8FC5-360821ACBB55}"
EndProject
Global
	GlobalSection(SolutionConfigurationPlatforms) = preSolution
		Debug|Any CPU = Debug|Any CPU
		Release|Any CPU = Release|Any CPU
	EndGlobalSection
	GlobalSection(ProjectConfigurationPlatforms) = postSolution
		{02D19977-12AD-47CF-9EB4-137C5806BD7B}.Debug|Any CPU.ActiveCfg = Debug|Any CPU
		{02D19977-12AD-47CF-9EB4-137C5806BD7B}.Debug|Any CPU.Build.0 = Debug|Any CPU
		{02D19977-12AD-47CF-9EB4-137C5806BD7B}.Release|Any CPU.ActiveCfg = Release|Any CPU
		{02D19977-12AD-47CF-9EB4-137C5806BD7B}.Release|Any CPU.Build.0 = Release|Any CPU
		{C734E393-C717-4147-BFAA-65B8C8241FDA}.Debug|Any CPU.ActiveCfg = Debug|Any CPU
		{C734E393-C717-4147-BFAA-65B8C8241FDA}.Debug|Any CPU.Build.0 = Debug|Any CPU
		{C734E393-C717-4147-BFAA-65B8C8241FDA}.Release|Any CPU.ActiveCfg = Release|Any CPU
		{C734E393-C717-4147-BFAA-65B8C8241FDA}.Release|Any CPU.Build.0 = Release|Any CPU
		{B21D1024-3E0F-49B5-AB80-6589E14F5198}.Debug|Any CPU.ActiveCfg = Debug|Any CPU
		{B21D1024-3E0F-49B5-AB80-6589E14F5198}.Debug|Any CPU.Build.0 = Debug|Any CPU
		{B21D1024-3E0F-49B5-AB80-6589E14F5198}.Release|Any CPU.ActiveCfg = Release|Any CPU
		{B21D1024-3E0F-49B5-AB80-6589E14F5198}.Release|Any CPU.Build.0 = Release|Any CPU
		{55777455-95E9-45A2-9313-B17B752AC71A}.Debug|Any CPU.ActiveCfg = Debug|Any CPU
		{55777455-95E9-45A2-9313-B17B752AC71A}.Debug|Any CPU.Build.0 = Debug|Any CPU
		{55777455-95E9-45A2-9313-B17B752AC71A}.Release|Any CPU.ActiveCfg = Release|Any CPU
		{55777455-95E9-45A2-9313-B17B752AC71A}.Release|Any CPU.Build.0 = Release|Any CPU
		{4235B657-6C2B-415A-B5DB-7AF2474163E3}.Debug|Any CPU.ActiveCfg = Debug|Any CPU
		{4235B657-6C2B-415A-B5DB-7AF2474163E3}.Debug|Any CPU.Build.0 = Debug|Any CPU
		{4235B657-6C2B-415A-B5DB-7AF2474163E3}.Release|Any CPU.ActiveCfg = Release|Any CPU
		{4235B657-6C2B-415A-B5DB-7AF2474163E3}.Release|Any CPU.Build.0 = Release|Any CPU
		{4E8964E4-D75A-45A1-8BE0-7543A599EA09}.Debug|Any CPU.ActiveCfg = Debug|Any CPU
		{4E8964E4-D75A-45A1-8BE0-7543A599EA09}.Debug|Any CPU.Build.0 = Debug|Any CPU
		{4E8964E4-D75A-45A1-8BE0-7543A599EA09}.Release|Any CPU.ActiveCfg = Release|Any CPU
		{4E8964E4-D75A-45A1-8BE0-7543A599EA09}.Release|Any CPU.Build.0 = Release|Any CPU
		{2CC01EF5-32B7-4C03-B461-1106CCF7EFC6}.Debug|Any CPU.ActiveCfg = Debug|Any CPU
		{2CC01EF5-32B7-4C03-B461-1106CCF7EFC6}.Debug|Any CPU.Build.0 = Debug|Any CPU
		{2CC01EF5-32B7-4C03-B461-1106CCF7EFC6}.Release|Any CPU.ActiveCfg = Release|Any CPU
		{2CC01EF5-32B7-4C03-B461-1106CCF7EFC6}.Release|Any CPU.Build.0 = Release|Any CPU
		{AB9EFAD0-5AE9-45A4-840C-90E817B9F517}.Debug|Any CPU.ActiveCfg = Debug|Any CPU
		{AB9EFAD0-5AE9-45A4-840C-90E817B9F517}.Debug|Any CPU.Build.0 = Debug|Any CPU
		{AB9EFAD0-5AE9-45A4-840C-90E817B9F517}.Release|Any CPU.ActiveCfg = Release|Any CPU
		{AB9EFAD0-5AE9-45A4-840C-90E817B9F517}.Release|Any CPU.Build.0 = Release|Any CPU
		{2A553C87-7281-47A3-B47E-332C53C0F679}.Debug|Any CPU.ActiveCfg = Debug|Any CPU
		{2A553C87-7281-47A3-B47E-332C53C0F679}.Debug|Any CPU.Build.0 = Debug|Any CPU
		{2A553C87-7281-47A3-B47E-332C53C0F679}.Release|Any CPU.ActiveCfg = Release|Any CPU
		{2A553C87-7281-47A3-B47E-332C53C0F679}.Release|Any CPU.Build.0 = Release|Any CPU
		{89C6732E-FB30-443D-B937-2B4FB9BB1891}.Debug|Any CPU.ActiveCfg = Debug|Any CPU
		{89C6732E-FB30-443D-B937-2B4FB9BB1891}.Debug|Any CPU.Build.0 = Debug|Any CPU
		{89C6732E-FB30-443D-B937-2B4FB9BB1891}.Release|Any CPU.ActiveCfg = Release|Any CPU
		{89C6732E-FB30-443D-B937-2B4FB9BB1891}.Release|Any CPU.Build.0 = Release|Any CPU
		{24CBF581-3503-4AF8-B14E-4CFDC3368BE3}.Debug|Any CPU.ActiveCfg = Debug|Any CPU
		{24CBF581-3503-4AF8-B14E-4CFDC3368BE3}.Debug|Any CPU.Build.0 = Debug|Any CPU
		{24CBF581-3503-4AF8-B14E-4CFDC3368BE3}.Release|Any CPU.ActiveCfg = Release|Any CPU
		{24CBF581-3503-4AF8-B14E-4CFDC3368BE3}.Release|Any CPU.Build.0 = Release|Any CPU
		{2267436D-1A8F-4D35-A939-6E8ED4223CB1}.Debug|Any CPU.ActiveCfg = Debug|Any CPU
		{2267436D-1A8F-4D35-A939-6E8ED4223CB1}.Debug|Any CPU.Build.0 = Debug|Any CPU
		{2267436D-1A8F-4D35-A939-6E8ED4223CB1}.Release|Any CPU.ActiveCfg = Release|Any CPU
		{2267436D-1A8F-4D35-A939-6E8ED4223CB1}.Release|Any CPU.Build.0 = Release|Any CPU
		{A8EF6B67-1D01-46C8-BE48-CE42CFE0256E}.Debug|Any CPU.ActiveCfg = Debug|Any CPU
		{A8EF6B67-1D01-46C8-BE48-CE42CFE0256E}.Debug|Any CPU.Build.0 = Debug|Any CPU
		{A8EF6B67-1D01-46C8-BE48-CE42CFE0256E}.Release|Any CPU.ActiveCfg = Release|Any CPU
		{A8EF6B67-1D01-46C8-BE48-CE42CFE0256E}.Release|Any CPU.Build.0 = Release|Any CPU
		{857DB936-22BC-4096-8E5D-13803CD7D7A7}.Debug|Any CPU.ActiveCfg = Debug|Any CPU
		{857DB936-22BC-4096-8E5D-13803CD7D7A7}.Debug|Any CPU.Build.0 = Debug|Any CPU
		{857DB936-22BC-4096-8E5D-13803CD7D7A7}.Release|Any CPU.ActiveCfg = Release|Any CPU
		{857DB936-22BC-4096-8E5D-13803CD7D7A7}.Release|Any CPU.Build.0 = Release|Any CPU
		{0BEA9C8F-7C8E-4DFE-8B0A-06DAB34A8C7B}.Debug|Any CPU.ActiveCfg = Debug|Any CPU
		{0BEA9C8F-7C8E-4DFE-8B0A-06DAB34A8C7B}.Debug|Any CPU.Build.0 = Debug|Any CPU
		{0BEA9C8F-7C8E-4DFE-8B0A-06DAB34A8C7B}.Release|Any CPU.ActiveCfg = Release|Any CPU
		{0BEA9C8F-7C8E-4DFE-8B0A-06DAB34A8C7B}.Release|Any CPU.Build.0 = Release|Any CPU
		{A3183DCF-D35B-4EBF-9F3C-B4E9D206D49F}.Debug|Any CPU.ActiveCfg = Debug|Any CPU
		{A3183DCF-D35B-4EBF-9F3C-B4E9D206D49F}.Debug|Any CPU.Build.0 = Debug|Any CPU
		{A3183DCF-D35B-4EBF-9F3C-B4E9D206D49F}.Release|Any CPU.ActiveCfg = Release|Any CPU
		{A3183DCF-D35B-4EBF-9F3C-B4E9D206D49F}.Release|Any CPU.Build.0 = Release|Any CPU
		{97A351E1-EDD2-4260-967B-F07C7F198B73}.Debug|Any CPU.ActiveCfg = Debug|Any CPU
		{97A351E1-EDD2-4260-967B-F07C7F198B73}.Debug|Any CPU.Build.0 = Debug|Any CPU
		{97A351E1-EDD2-4260-967B-F07C7F198B73}.Release|Any CPU.ActiveCfg = Release|Any CPU
		{97A351E1-EDD2-4260-967B-F07C7F198B73}.Release|Any CPU.Build.0 = Release|Any CPU
		{2C827699-91B2-419F-9522-FEA0F7E48C13}.Debug|Any CPU.ActiveCfg = Debug|Any CPU
		{2C827699-91B2-419F-9522-FEA0F7E48C13}.Debug|Any CPU.Build.0 = Debug|Any CPU
		{2C827699-91B2-419F-9522-FEA0F7E48C13}.Release|Any CPU.ActiveCfg = Release|Any CPU
		{2C827699-91B2-419F-9522-FEA0F7E48C13}.Release|Any CPU.Build.0 = Release|Any CPU
		{544150D0-C5C3-4821-B2BD-F1C2DA2EE949}.Debug|Any CPU.ActiveCfg = Debug|Any CPU
		{544150D0-C5C3-4821-B2BD-F1C2DA2EE949}.Debug|Any CPU.Build.0 = Debug|Any CPU
		{544150D0-C5C3-4821-B2BD-F1C2DA2EE949}.Release|Any CPU.ActiveCfg = Release|Any CPU
		{544150D0-C5C3-4821-B2BD-F1C2DA2EE949}.Release|Any CPU.Build.0 = Release|Any CPU
		{F0D78F22-0DB4-4467-8D07-35494F8EB0A8}.Debug|Any CPU.ActiveCfg = Debug|Any CPU
		{F0D78F22-0DB4-4467-8D07-35494F8EB0A8}.Debug|Any CPU.Build.0 = Debug|Any CPU
		{F0D78F22-0DB4-4467-8D07-35494F8EB0A8}.Release|Any CPU.ActiveCfg = Release|Any CPU
		{F0D78F22-0DB4-4467-8D07-35494F8EB0A8}.Release|Any CPU.Build.0 = Release|Any CPU
		{235ACC2E-BC25-4058-951A-29FBF8EFDE02}.Debug|Any CPU.ActiveCfg = Debug|Any CPU
		{235ACC2E-BC25-4058-951A-29FBF8EFDE02}.Debug|Any CPU.Build.0 = Debug|Any CPU
		{235ACC2E-BC25-4058-951A-29FBF8EFDE02}.Release|Any CPU.ActiveCfg = Release|Any CPU
		{235ACC2E-BC25-4058-951A-29FBF8EFDE02}.Release|Any CPU.Build.0 = Release|Any CPU
		{F70C8CD7-6858-4724-9420-6246098E5D79}.Debug|Any CPU.ActiveCfg = Debug|Any CPU
		{F70C8CD7-6858-4724-9420-6246098E5D79}.Debug|Any CPU.Build.0 = Debug|Any CPU
		{F70C8CD7-6858-4724-9420-6246098E5D79}.Release|Any CPU.ActiveCfg = Release|Any CPU
		{F70C8CD7-6858-4724-9420-6246098E5D79}.Release|Any CPU.Build.0 = Release|Any CPU
		{272EC8F2-DB43-4E04-9071-692AC3F44C56}.Debug|Any CPU.ActiveCfg = Debug|Any CPU
		{272EC8F2-DB43-4E04-9071-692AC3F44C56}.Debug|Any CPU.Build.0 = Debug|Any CPU
		{272EC8F2-DB43-4E04-9071-692AC3F44C56}.Release|Any CPU.ActiveCfg = Release|Any CPU
		{272EC8F2-DB43-4E04-9071-692AC3F44C56}.Release|Any CPU.Build.0 = Release|Any CPU
		{993099C2-8E2E-4D1A-9D36-B2269D2B9D74}.Debug|Any CPU.ActiveCfg = Debug|Any CPU
		{993099C2-8E2E-4D1A-9D36-B2269D2B9D74}.Debug|Any CPU.Build.0 = Debug|Any CPU
		{993099C2-8E2E-4D1A-9D36-B2269D2B9D74}.Release|Any CPU.ActiveCfg = Release|Any CPU
		{993099C2-8E2E-4D1A-9D36-B2269D2B9D74}.Release|Any CPU.Build.0 = Release|Any CPU
		{9E2AA473-86FC-4FDB-9973-A2E5EA61BC2C}.Debug|Any CPU.ActiveCfg = Debug|Any CPU
		{9E2AA473-86FC-4FDB-9973-A2E5EA61BC2C}.Debug|Any CPU.Build.0 = Debug|Any CPU
		{9E2AA473-86FC-4FDB-9973-A2E5EA61BC2C}.Release|Any CPU.ActiveCfg = Release|Any CPU
		{9E2AA473-86FC-4FDB-9973-A2E5EA61BC2C}.Release|Any CPU.Build.0 = Release|Any CPU
		{170454B4-4F8D-4B82-AD92-C918D6DE711F}.Debug|Any CPU.ActiveCfg = Debug|Any CPU
		{170454B4-4F8D-4B82-AD92-C918D6DE711F}.Debug|Any CPU.Build.0 = Debug|Any CPU
		{170454B4-4F8D-4B82-AD92-C918D6DE711F}.Release|Any CPU.ActiveCfg = Release|Any CPU
		{170454B4-4F8D-4B82-AD92-C918D6DE711F}.Release|Any CPU.Build.0 = Release|Any CPU
		{E1B0F2F0-8791-4AF5-977E-AE11246DE304}.Debug|Any CPU.ActiveCfg = Debug|Any CPU
		{E1B0F2F0-8791-4AF5-977E-AE11246DE304}.Debug|Any CPU.Build.0 = Debug|Any CPU
		{E1B0F2F0-8791-4AF5-977E-AE11246DE304}.Release|Any CPU.ActiveCfg = Release|Any CPU
		{E1B0F2F0-8791-4AF5-977E-AE11246DE304}.Release|Any CPU.Build.0 = Release|Any CPU
		{0CD3900D-2996-4482-8FC5-360821ACBB55}.Debug|Any CPU.ActiveCfg = Debug|Any CPU
		{0CD3900D-2996-4482-8FC5-360821ACBB55}.Debug|Any CPU.Build.0 = Debug|Any CPU
		{0CD3900D-2996-4482-8FC5-360821ACBB55}.Release|Any CPU.ActiveCfg = Release|Any CPU
		{0CD3900D-2996-4482-8FC5-360821ACBB55}.Release|Any CPU.Build.0 = Release|Any CPU
	EndGlobalSection
	GlobalSection(SolutionProperties) = preSolution
		HideSolutionNode = FALSE
	EndGlobalSection
	GlobalSection(ExtensibilityGlobals) = postSolution
		SolutionGuid = {79795A11-565B-497E-BAA6-E7281528A208}
	EndGlobalSection
EndGlobal
