
Microsoft Visual Studio Solution File, Format Version 12.00
# Visual Studio 15
VisualStudioVersion = 15.0.27703.2042
MinimumVisualStudioVersion = 10.0.40219.1
Project("{8BC9CEB8-8B4A-11D0-8D11-00A0C91BC942}") = "consoleApp8.01", "consoleApp8.01\consoleApp8.01.vcxproj", "{531E0960-E330-4127-BB46-6228D0FF77E3}"
EndProject
Global
	GlobalSection(SolutionConfigurationPlatforms) = preSolution
		Debug|x64 = Debug|x64
		Debug|x86 = Debug|x86
		Release|x64 = Release|x64
		Release|x86 = Release|x86
	EndGlobalSection
	GlobalSection(ProjectConfigurationPlatforms) = postSolution
		{531E0960-E330-4127-BB46-6228D0FF77E3}.Debug|x64.ActiveCfg = Debug|x64
		{531E0960-E330-4127-BB46-6228D0FF77E3}.Debug|x64.Build.0 = Debug|x64
		{531E0960-E330-4127-BB46-6228D0FF77E3}.Debug|x86.ActiveCfg = Debug|Win32
		{531E0960-E330-4127-BB46-6228D0FF77E3}.Debug|x86.Build.0 = Debug|Win32
		{531E0960-E330-4127-BB46-6228D0FF77E3}.Release|x64.ActiveCfg = Release|x64
		{531E0960-E330-4127-BB46-6228D0FF77E3}.Release|x64.Build.0 = Release|x64
		{531E0960-E330-4127-BB46-6228D0FF77E3}.Release|x86.ActiveCfg = Release|Win32
		{531E0960-E330-4127-BB46-6228D0FF77E3}.Release|x86.Build.0 = Release|Win32
	EndGlobalSection
	GlobalSection(SolutionProperties) = preSolution
		HideSolutionNode = FALSE
	EndGlobalSection
	GlobalSection(ExtensibilityGlobals) = postSolution
		SolutionGuid = {91F36A9C-5460-4CB3-95D0-8E254DDE1160}
	EndGlobalSection
EndGlobal
